{
  "version": 1,
  "dependencies": {
    "net9.0": {
      "SemanticVersioning": {
        "type": "Direct",
        "requested": "[3.0.0, )",
        "resolved": "3.0.0",
        "contentHash": "RR+8GbPQ/gjDqov/1QN1OPoUlbUruNwcL3WjWCeLw+MY7+od/ENhnkYxCfAC6rQLIu3QifaJt3kPYyP3RumqMQ=="
      },
      "fikashared": {
        "type": "Project"
      }
    }
  }
}